
Microsoft Visual Studio Solution File, Format Version 12.00
# Visual Studio Version 17
VisualStudioVersion = 17.7.34221.43
MinimumVisualStudioVersion = 10.0.40219.1
Project("{FAE04EC0-301F-11D3-BF4B-00C04F79EFBC}") = "ConAppTask-1", "ConAppTask-1\ConAppTask-1.csproj", "{A3B162B9-7D7A-4E88-9C72-2E38F1827ECE}"
EndProject
Global
	GlobalSection(SolutionConfigurationPlatforms) = preSolution
		Debug|Any CPU = Debug|Any CPU
		Release|Any CPU = Release|Any CPU
	EndGlobalSection
	GlobalSection(ProjectConfigurationPlatforms) = postSolution
		{A3B162B9-7D7A-4E88-9C72-2E38F1827ECE}.Debug|Any CPU.ActiveCfg = Debug|Any CPU
		{A3B162B9-7D7A-4E88-9C72-2E38F1827ECE}.Debug|Any CPU.Build.0 = Debug|Any CPU
		{A3B162B9-7D7A-4E88-9C72-2E38F1827ECE}.Release|Any CPU.ActiveCfg = Release|Any CPU
		{A3B162B9-7D7A-4E88-9C72-2E38F1827ECE}.Release|Any CPU.Build.0 = Release|Any CPU
	EndGlobalSection
	GlobalSection(SolutionProperties) = preSolution
		HideSolutionNode = FALSE
	EndGlobalSection
	GlobalSection(ExtensibilityGlobals) = postSolution
		SolutionGuid = {AE64C882-E645-472B-B98F-C6BBDAD86C77}
	EndGlobalSection
EndGlobal
